
Microsoft Visual Studio Solution File, Format Version 12.00
# Visual Studio Version 16
VisualStudioVersion = 16.0.31019.35
MinimumVisualStudioVersion = 10.0.40219.1
Project("{FAE04EC0-301F-11D3-BF4B-00C04F79EFBC}") = "GuzzWebSite", "GuzzWebSite\GuzzWebSite.csproj", "{AA945B5B-403F-4980-80A2-550C42DA666C}"
EndProject
Global
	GlobalSection(SolutionConfigurationPlatforms) = preSolution
		Debug|Any CPU = Debug|Any CPU
		Release|Any CPU = Release|Any CPU
	EndGlobalSection
	GlobalSection(ProjectConfigurationPlatforms) = postSolution
		{AA945B5B-403F-4980-80A2-550C42DA666C}.Debug|Any CPU.ActiveCfg = Debug|Any CPU
		{AA945B5B-403F-4980-80A2-550C42DA666C}.Debug|Any CPU.Build.0 = Debug|Any CPU
		{AA945B5B-403F-4980-80A2-550C42DA666C}.Release|Any CPU.ActiveCfg = Release|Any CPU
		{AA945B5B-403F-4980-80A2-550C42DA666C}.Release|Any CPU.Build.0 = Release|Any CPU
	EndGlobalSection
	GlobalSection(SolutionProperties) = preSolution
		HideSolutionNode = FALSE
	EndGlobalSection
	GlobalSection(ExtensibilityGlobals) = postSolution
		SolutionGuid = {F8AF7A05-AB04-4479-86C4-22AB8277F3F9}
	EndGlobalSection
EndGlobal
